
Microsoft Visual Studio Solution File, Format Version 11.00
# Visual Studio 2010
Project("{8BC9CEB8-8B4A-11D0-8D11-00A0C91BC942}") = "to the top", "to the top\to the top.vcxproj", "{80BB514D-C51A-47B6-952C-32FB0F66EB15}"
EndProject
Global
	GlobalSection(SolutionConfigurationPlatforms) = preSolution
		Debug|Win32 = Debug|Win32
		Release|Win32 = Release|Win32
	EndGlobalSection
	GlobalSection(ProjectConfigurationPlatforms) = postSolution
		{80BB514D-C51A-47B6-952C-32FB0F66EB15}.Debug|Win32.ActiveCfg = Debug|Win32
		{80BB514D-C51A-47B6-952C-32FB0F66EB15}.Debug|Win32.Build.0 = Debug|Win32
		{80BB514D-C51A-47B6-952C-32FB0F66EB15}.Release|Win32.ActiveCfg = Release|Win32
		{80BB514D-C51A-47B6-952C-32FB0F66EB15}.Release|Win32.Build.0 = Release|Win32
	EndGlobalSection
	GlobalSection(SolutionProperties) = preSolution
		HideSolutionNode = FALSE
	EndGlobalSection
EndGlobal
